
Microsoft Visual Studio Solution File, Format Version 12.00
# Visual Studio Version 16
VisualStudioVersion = 16.0.29609.76
MinimumVisualStudioVersion = 10.0.40219.1
Project("{FAE04EC0-301F-11D3-BF4B-00C04F79EFBC}") = "PlugInApiDemo", "src\PlugInApiDemo\PlugInApiDemo.csproj", "{DD7322D7-5934-4871-9403-653B2987BBA1}"
EndProject
Global
	GlobalSection(SolutionConfigurationPlatforms) = preSolution
		Debug|Any CPU = Debug|Any CPU
		Release|Any CPU = Release|Any CPU
	EndGlobalSection
	GlobalSection(ProjectConfigurationPlatforms) = postSolution
		{DD7322D7-5934-4871-9403-653B2987BBA1}.Debug|Any CPU.ActiveCfg = Debug|Any CPU
		{DD7322D7-5934-4871-9403-653B2987BBA1}.Debug|Any CPU.Build.0 = Debug|Any CPU
		{DD7322D7-5934-4871-9403-653B2987BBA1}.Release|Any CPU.ActiveCfg = Release|Any CPU
		{DD7322D7-5934-4871-9403-653B2987BBA1}.Release|Any CPU.Build.0 = Release|Any CPU
	EndGlobalSection
	GlobalSection(SolutionProperties) = preSolution
		HideSolutionNode = FALSE
	EndGlobalSection
	GlobalSection(ExtensibilityGlobals) = postSolution
		SolutionGuid = {2BA34BD6-EAE7-4200-BF2F-1499B44BFB93}
	EndGlobalSection
EndGlobal
